# This file is autogenerated, do not edit; changes may be undone by the next 'dep ensure'.


[[projects]]
  name = "github.com/CharlesHolbrow/pubsub"
  packages = ["."]
  revision = "5349a146d97f5a393e9c76eccd1201417cb564e3"
  version = "v0.1.0"

[[projects]]
  name = "github.com/CharlesHolbrow/synk"
  packages = ["."]
  revision = "bc8fe0a7a83bf1fc0c7b23c24d4a6fffb2ad5e1a"
  version = "v0.1.0"

[[projects]]
  name = "github.com/garyburd/redigo"
  packages = [
    "internal",
    "redis"
  ]
  revision = "a69d19351219b6dd56f274f96d85a7014a2ec34e"
  version = "v1.6.0"

[[projects]]
  name = "github.com/gorilla/websocket"
  packages = ["."]
  revision = "ea4d1f681babbce9545c9c5f3d5194a789c89f5b"
  version = "v1.2.0"

[[projects]]
  branch = "v2"
  name = "gopkg.in/mgo.v2"
  packages = [
    ".",
    "bson",
    "internal/json",
    "internal/sasl",
    "internal/scram"
  ]
  revision = "3f83fa5005286a7fe593b055f0d7771a7dce4655"

[solve-meta]
  analyzer-name = "dep"
  analyzer-version = 1
  inputs-digest = "a54fda6441e4d84640b73725a9071f7a1242f9a7d83eb3d3683c20d4edfdcd8d"
  solver-name = "gps-cdcl"
  solver-version = 1
